
Microsoft Visual Studio Solution File, Format Version 12.00
# Visual Studio Version 17
Project("{8BC9CEB8-8B4A-11D0-8D11-00A0C91BC942}") = "Arcnum", "Arcnum.vcxproj", "{0B6CC5A7-F70D-F07D-E0C8-03D2CC0977CE}"
	ProjectSection(ProjectDependencies) = postProject
		{EB327AB5-57F3-F5EB-202E-3F698CAD3AC8} = {EB327AB5-57F3-F5EB-202E-3F698CAD3AC8}
	EndProjectSection
EndProject
Project("{8BC9CEB8-8B4A-11D0-8D11-00A0C91BC942}") = "ArcnumCoreLib", "ArcnumCoreLib.vcxproj", "{EB327AB5-57F3-F5EB-202E-3F698CAD3AC8}"
EndProject
Global
	GlobalSection(SolutionConfigurationPlatforms) = preSolution
		Debug|x64 = Debug|x64
		Release|x64 = Release|x64
	EndGlobalSection
	GlobalSection(ProjectConfigurationPlatforms) = postSolution
		{0B6CC5A7-F70D-F07D-E0C8-03D2CC0977CE}.Debug|x64.ActiveCfg = Debug|x64
		{0B6CC5A7-F70D-F07D-E0C8-03D2CC0977CE}.Debug|x64.Build.0 = Debug|x64
		{0B6CC5A7-F70D-F07D-E0C8-03D2CC0977CE}.Release|x64.ActiveCfg = Release|x64
		{0B6CC5A7-F70D-F07D-E0C8-03D2CC0977CE}.Release|x64.Build.0 = Release|x64
		{EB327AB5-57F3-F5EB-202E-3F698CAD3AC8}.Debug|x64.ActiveCfg = Debug|x64
		{EB327AB5-57F3-F5EB-202E-3F698CAD3AC8}.Debug|x64.Build.0 = Debug|x64
		{EB327AB5-57F3-F5EB-202E-3F698CAD3AC8}.Release|x64.ActiveCfg = Release|x64
		{EB327AB5-57F3-F5EB-202E-3F698CAD3AC8}.Release|x64.Build.0 = Release|x64
	EndGlobalSection
	GlobalSection(SolutionProperties) = preSolution
		HideSolutionNode = FALSE
	EndGlobalSection
EndGlobal
