<?xml version="1.0" encoding="utf-8"?>
<Project ToolsVersion="4.0" xmlns="http://schemas.microsoft.com/developer/msbuild/2003">
  <ItemGroup>
    <Filter Include="ecs">
      <UniqueIdentifier>{C06D880B-2C77-887C-B5F2-9E7C21FB937C}</UniqueIdentifier>
    </Filter>
    <Filter Include="ecs\component">
      <UniqueIdentifier>{4296BCA2-AE56-38D9-7791-8156E3107DB5}</UniqueIdentifier>
    </Filter>
    <Filter Include="ecs\entity">
      <UniqueIdentifier>{2C961D11-184E-5F5E-8155-38BA6D2CFA4E}</UniqueIdentifier>
    </Filter>
    <Filter Include="ecs\system">
      <UniqueIdentifier>{F47C8C32-E034-CE7F-493C-A7DB35136970}</UniqueIdentifier>
    </Filter>
    <Filter Include="events">
      <UniqueIdentifier>{5A9D08FC-463F-33D2-2FFA-46261B3BBA22}</UniqueIdentifier>
    </Filter>
    <Filter Include="renderer">
      <UniqueIdentifier>{9C6AA017-8837-FB22-B150-E9CA9D7C30B1}</UniqueIdentifier>
    </Filter>
    <Filter Include="tests">
      <UniqueIdentifier>{78756B10-E489-93C1-AD0B-372119DF8FF2}</UniqueIdentifier>
    </Filter>
    <Filter Include="util">
      <UniqueIdentifier>{43339F7C-2F6A-A00D-D856-8610C46C1C0F}</UniqueIdentifier>
    </Filter>
    <Filter Include="util\data">
      <UniqueIdentifier>{ACB6EBCE-1821-A045-615F-51EBCD087E9A}</UniqueIdentifier>
    </Filter>
    <Filter Include="util\logging">
      <UniqueIdentifier>{F93ECAD6-E5A1-597B-8E27-92317A6925FE}</UniqueIdentifier>
    </Filter>
    <Filter Include="util\math">
      <UniqueIdentifier>{1CA6F0CE-8810-A545-D14E-56EB3DF8829A}</UniqueIdentifier>
    </Filter>
    <Filter Include="util\memory">
      <UniqueIdentifier>{6B55F74D-D70A-7043-60FF-691ACCB36647}</UniqueIdentifier>
    </Filter>
  </ItemGroup>
  <ItemGroup>
    <ClInclude Include="ArcnumCore\core\core.hpp" />
    <ClInclude Include="ArcnumCore\core\ecs\component\color.hpp" />
    <ClInclude Include="ArcnumCore\core\ecs\component\component.hpp" />
    <ClInclude Include="ArcnumCore\core\ecs\entity\entity.hpp" />
    <ClInclude Include="ArcnumCore\core\ecs\system\system.hpp" />
    <ClInclude Include="ArcnumCore\core\events\event.hpp" />
    <ClInclude Include="ArcnumCore\core\events\sub.hpp" />
    <ClInclude Include="ArcnumCore\core\renderer\batcher.hpp" />
    <ClInclude Include="ArcnumCore\core\renderer\layer.hpp" />
    <ClInclude Include="ArcnumCore\core\renderer\layer_stack.hpp" />
    <ClInclude Include="ArcnumCore\core\renderer\renderer.hpp" />
    <ClInclude Include="ArcnumCore\core\std_include.hpp" />
    <ClInclude Include="ArcnumCore\core\tests\test.hpp" />
    <ClInclude Include="ArcnumCore\core\types.hpp" />
    <ClInclude Include="ArcnumCore\core\ecs\ecs.hpp" />
    <ClInclude Include="ArcnumCore\core\ecs\entity\entity_type.hpp" />
    <ClInclude Include="ArcnumCore\core\window\window.hpp" />
    <ClInclude Include="ArcnumCore\core\logging\log.hpp" />
  </ItemGroup>
  <ItemGroup>
    <ClCompile Include="ArcnumCore\core\ecs\component\color.cpp" />
    <ClCompile Include="ArcnumCore\core\ecs\component\component.cpp" />
    <ClCompile Include="ArcnumCore\core\ecs\entity\entity.cpp" />
    <ClCompile Include="ArcnumCore\core\ecs\system\system.cpp" />
    <ClCompile Include="ArcnumCore\core\events\event.cpp" />
    <ClCompile Include="ArcnumCore\core\events\sub.cpp" />
    <ClCompile Include="ArcnumCore\core\renderer\batcher.cpp" />
    <ClCompile Include="ArcnumCore\core\renderer\layer.cpp" />
    <ClCompile Include="ArcnumCore\core\renderer\layer_stack.cpp" />
    <ClCompile Include="ArcnumCore\core\renderer\renderer.cpp" />
    <ClCompile Include="ArcnumCore\core\tests\test.cpp" />
    <ClCompile Include="ArcnumCore\core\ecs\ecs.cpp" />
    <ClCompile Include="ArcnumCore\core\window\window.cpp" />
  </ItemGroup>
</Project>