
Microsoft Visual Studio Solution File, Format Version 12.00
# Visual Studio Version 17
VisualStudioVersion = 17.7.34018.315
MinimumVisualStudioVersion = 10.0.40219.1
Project("{8BC9CEB8-8B4A-11D0-8D11-00A0C91BC942}") = "Arcnum", "Arcnum.vcxproj", "{12623C64-B52B-4DFA-B25F-554A26048784}"
	ProjectSection(ProjectDependencies) = postProject
		{70B663C6-D64E-4748-91A5-DC6A36B4454F} = {70B663C6-D64E-4748-91A5-DC6A36B4454F}
	EndProjectSection
EndProject
Project("{8BC9CEB8-8B4A-11D0-8D11-00A0C91BC942}") = "ArcnumCore", "ArcnumCore\ArcnumCore.vcxproj", "{70B663C6-D64E-4748-91A5-DC6A36B4454F}"
EndProject
Global
	GlobalSection(SolutionConfigurationPlatforms) = preSolution
		Debug|x64 = Debug|x64
		Debug|x86 = Debug|x86
		Release|x64 = Release|x64
		Release|x86 = Release|x86
	EndGlobalSection
	GlobalSection(ProjectConfigurationPlatforms) = postSolution
		{12623C64-B52B-4DFA-B25F-554A26048784}.Debug|x64.ActiveCfg = Debug|x64
		{12623C64-B52B-4DFA-B25F-554A26048784}.Debug|x64.Build.0 = Debug|x64
		{12623C64-B52B-4DFA-B25F-554A26048784}.Debug|x86.ActiveCfg = Debug|Win32
		{12623C64-B52B-4DFA-B25F-554A26048784}.Debug|x86.Build.0 = Debug|Win32
		{12623C64-B52B-4DFA-B25F-554A26048784}.Release|x64.ActiveCfg = Release|x64
		{12623C64-B52B-4DFA-B25F-554A26048784}.Release|x64.Build.0 = Release|x64
		{12623C64-B52B-4DFA-B25F-554A26048784}.Release|x86.ActiveCfg = Release|Win32
		{12623C64-B52B-4DFA-B25F-554A26048784}.Release|x86.Build.0 = Release|Win32
		{70B663C6-D64E-4748-91A5-DC6A36B4454F}.Debug|x64.ActiveCfg = Debug|x64
		{70B663C6-D64E-4748-91A5-DC6A36B4454F}.Debug|x64.Build.0 = Debug|x64
		{70B663C6-D64E-4748-91A5-DC6A36B4454F}.Debug|x86.ActiveCfg = Debug|Win32
		{70B663C6-D64E-4748-91A5-DC6A36B4454F}.Debug|x86.Build.0 = Debug|Win32
		{70B663C6-D64E-4748-91A5-DC6A36B4454F}.Release|x64.ActiveCfg = Release|x64
		{70B663C6-D64E-4748-91A5-DC6A36B4454F}.Release|x64.Build.0 = Release|x64
		{70B663C6-D64E-4748-91A5-DC6A36B4454F}.Release|x86.ActiveCfg = Release|Win32
		{70B663C6-D64E-4748-91A5-DC6A36B4454F}.Release|x86.Build.0 = Release|Win32
	EndGlobalSection
	GlobalSection(SolutionProperties) = preSolution
		HideSolutionNode = FALSE
	EndGlobalSection
	GlobalSection(ExtensibilityGlobals) = postSolution
		SolutionGuid = {A5BF386C-E95D-4647-9BFF-D208C8613315}
	EndGlobalSection
EndGlobal
