<?xml version="1.0" encoding="utf-8"?>
<Project ToolsVersion="4.0" xmlns="http://schemas.microsoft.com/developer/msbuild/2003">
  <ItemGroup>
    <Filter Include="ecs">
      <UniqueIdentifier>{C06D880B-2C77-887C-B5F2-9E7C21FB937C}</UniqueIdentifier>
    </Filter>
    <Filter Include="ecs\component">
      <UniqueIdentifier>{4296BCA2-AE56-38D9-7791-8156E3107DB5}</UniqueIdentifier>
    </Filter>
    <Filter Include="ecs\entity">
      <UniqueIdentifier>{2C961D11-184E-5F5E-8155-38BA6D2CFA4E}</UniqueIdentifier>
    </Filter>
    <Filter Include="ecs\system">
      <UniqueIdentifier>{F47C8C32-E034-CE7F-493C-A7DB35136970}</UniqueIdentifier>
    </Filter>
    <Filter Include="events">
      <UniqueIdentifier>{5A9D08FC-463F-33D2-2FFA-46261B3BBA22}</UniqueIdentifier>
    </Filter>
    <Filter Include="logging">
      <UniqueIdentifier>{CC00C087-38E0-3E23-41F8-C9F9AD56A584}</UniqueIdentifier>
    </Filter>
    <Filter Include="renderer">
      <UniqueIdentifier>{9C6AA017-8837-FB22-B150-E9CA9D7C30B1}</UniqueIdentifier>
    </Filter>
    <Filter Include="window">
      <UniqueIdentifier>{5DFE1E25-49A0-49FB-325B-5D4F1E9CD04B}</UniqueIdentifier>
    </Filter>
  </ItemGroup>
  <ItemGroup>
    <ClInclude Include="ArcnumCore\core\core.hpp" />
    <ClInclude Include="ArcnumCore\core\ecs\component\color.hpp">
      <Filter>ecs\component</Filter>
    </ClInclude>
    <ClInclude Include="ArcnumCore\core\ecs\component\component.hpp">
      <Filter>ecs\component</Filter>
    </ClInclude>
    <ClInclude Include="ArcnumCore\core\ecs\ecs.hpp">
      <Filter>ecs</Filter>
    </ClInclude>
    <ClInclude Include="ArcnumCore\core\ecs\entity\entity.hpp">
      <Filter>ecs\entity</Filter>
    </ClInclude>
    <ClInclude Include="ArcnumCore\core\ecs\entity\entity_type.hpp">
      <Filter>ecs\entity</Filter>
    </ClInclude>
    <ClInclude Include="ArcnumCore\core\ecs\system\system.hpp">
      <Filter>ecs\system</Filter>
    </ClInclude>
    <ClInclude Include="ArcnumCore\core\events\event.hpp">
      <Filter>events</Filter>
    </ClInclude>
    <ClInclude Include="ArcnumCore\core\events\sub.hpp">
      <Filter>events</Filter>
    </ClInclude>
    <ClInclude Include="ArcnumCore\core\logging\log.hpp">
      <Filter>logging</Filter>
    </ClInclude>
    <ClInclude Include="ArcnumCore\core\renderer\batcher.hpp">
      <Filter>renderer</Filter>
    </ClInclude>
    <ClInclude Include="ArcnumCore\core\renderer\layer.hpp">
      <Filter>renderer</Filter>
    </ClInclude>
    <ClInclude Include="ArcnumCore\core\renderer\layer_stack.hpp">
      <Filter>renderer</Filter>
    </ClInclude>
    <ClInclude Include="ArcnumCore\core\renderer\renderer.hpp">
      <Filter>renderer</Filter>
    </ClInclude>
    <ClInclude Include="ArcnumCore\core\std_include.hpp" />
    <ClInclude Include="ArcnumCore\core\types.hpp" />
    <ClInclude Include="ArcnumCore\core\window\window.hpp">
      <Filter>window</Filter>
    </ClInclude>
  </ItemGroup>
  <ItemGroup>
    <ClCompile Include="ArcnumCore\core\ecs\component\component.cpp">
      <Filter>ecs\component</Filter>
    </ClCompile>
    <ClCompile Include="ArcnumCore\core\ecs\ecs.cpp">
      <Filter>ecs</Filter>
    </ClCompile>
    <ClCompile Include="ArcnumCore\core\ecs\entity\entity.cpp">
      <Filter>ecs\entity</Filter>
    </ClCompile>
    <ClCompile Include="ArcnumCore\core\ecs\system\system.cpp">
      <Filter>ecs\system</Filter>
    </ClCompile>
    <ClCompile Include="ArcnumCore\core\events\event.cpp">
      <Filter>events</Filter>
    </ClCompile>
    <ClCompile Include="ArcnumCore\core\events\sub.cpp">
      <Filter>events</Filter>
    </ClCompile>
    <ClCompile Include="ArcnumCore\core\renderer\batcher.cpp">
      <Filter>renderer</Filter>
    </ClCompile>
    <ClCompile Include="ArcnumCore\core\renderer\layer.cpp">
      <Filter>renderer</Filter>
    </ClCompile>
    <ClCompile Include="ArcnumCore\core\renderer\layer_stack.cpp">
      <Filter>renderer</Filter>
    </ClCompile>
    <ClCompile Include="ArcnumCore\core\renderer\renderer.cpp">
      <Filter>renderer</Filter>
    </ClCompile>
    <ClCompile Include="ArcnumCore\core\window\window.cpp">
      <Filter>window</Filter>
    </ClCompile>
    <ClCompile Include="ArcnumCore\core\logging\log.cpp" />
  </ItemGroup>
</Project>