<?xml version="1.0" encoding="utf-8"?>
<Project ToolsVersion="4.0" xmlns="http://schemas.microsoft.com/developer/msbuild/2003">
  <ItemGroup>
    <Filter Include="Source Files">
      <UniqueIdentifier>{4FC737F1-C7A5-4376-A066-2A32D752A2FF}</UniqueIdentifier>
      <Extensions>cpp;c;cc;cxx;c++;cppm;ixx;def;odl;idl;hpj;bat;asm;asmx</Extensions>
    </Filter>
    <Filter Include="Header Files">
      <UniqueIdentifier>{93995380-89BD-4b04-88EB-625FBE52EBFB}</UniqueIdentifier>
      <Extensions>h;hh;hpp;hxx;h++;hm;inl;inc;ipp;xsd</Extensions>
    </Filter>
    <Filter Include="Resource Files">
      <UniqueIdentifier>{67DA6AB6-F800-4c08-8B7A-83BB121AAD01}</UniqueIdentifier>
      <Extensions>rc;ico;cur;bmp;dlg;rc2;rct;bin;rgs;gif;jpg;jpeg;jpe;resx;tiff;tif;png;wav;mfcribbon-ms</Extensions>
    </Filter>
  </ItemGroup>
  <ItemGroup>
    <ClInclude Include="include\OTHER\stb_image.h">
      <Filter>Header Files</Filter>
    </ClInclude>
    <ClInclude Include="core\window\window.h">
      <Filter>Header Files</Filter>
    </ClInclude>
    <ClInclude Include="core\renderer\renderer.h">
      <Filter>Header Files</Filter>
    </ClInclude>
    <ClInclude Include="core\util\memory\alloc.h">
      <Filter>Header Files</Filter>
    </ClInclude>
    <ClInclude Include="core\util\data\vector.h">
      <Filter>Header Files</Filter>
    </ClInclude>
    <ClInclude Include="core\util\std_include.h">
      <Filter>Header Files</Filter>
    </ClInclude>
    <ClInclude Include="core\renderer\layer_stack.h">
      <Filter>Header Files</Filter>
    </ClInclude>
    <ClInclude Include="core\util\data\iterator.h">
      <Filter>Header Files</Filter>
    </ClInclude>
    <ClInclude Include="core\util\data\collection.h">
      <Filter>Header Files</Filter>
    </ClInclude>
    <ClInclude Include="core\events\event.h">
      <Filter>Header Files</Filter>
    </ClInclude>
    <ClInclude Include="core\renderer\layer.h">
      <Filter>Header Files</Filter>
    </ClInclude>
    <ClInclude Include="core\debug\log.h">
      <Filter>Header Files</Filter>
    </ClInclude>
    <ClInclude Include="core\log\log.h">
      <Filter>Header Files</Filter>
    </ClInclude>
    <ClInclude Include="core\util\log.h">
      <Filter>Header Files</Filter>
    </ClInclude>
    <ClInclude Include="core\events\sub.h">
      <Filter>Header Files</Filter>
    </ClInclude>
    <ClInclude Include="core\ecs\entity\entity.h">
      <Filter>Header Files</Filter>
    </ClInclude>
    <ClInclude Include="core\ecs\entity\uuid.h">
      <Filter>Header Files</Filter>
    </ClInclude>
    <ClInclude Include="core\ecs\component\component.h">
      <Filter>Header Files</Filter>
    </ClInclude>
    <ClInclude Include="core\util\math\vec.h">
      <Filter>Header Files</Filter>
    </ClInclude>
    <ClInclude Include="core\ecs\system\system.h">
      <Filter>Header Files</Filter>
    </ClInclude>
    <ClInclude Include="core\ecs\component\color.h">
      <Filter>Header Files</Filter>
    </ClInclude>
    <ClInclude Include="core\util\math\radians.h">
      <Filter>Header Files</Filter>
    </ClInclude>
    <ClInclude Include="core\util\math\mat.h">
      <Filter>Header Files</Filter>
    </ClInclude>
    <ClInclude Include="core\util\data\types.h">
      <Filter>Header Files</Filter>
    </ClInclude>
    <ClInclude Include="core\core.h">
      <Filter>Header Files</Filter>
    </ClInclude>
    <ClInclude Include="core\util\math\math.h">
      <Filter>Header Files</Filter>
    </ClInclude>
    <ClInclude Include="core\util\memory\bump_allocator.h">
      <Filter>Header Files</Filter>
    </ClInclude>
    <ClInclude Include="core\ecs\ecs.h">
      <Filter>Header Files</Filter>
    </ClInclude>
    <ClInclude Include="core\util\data\map.h">
      <Filter>Header Files</Filter>
    </ClInclude>
    <ClInclude Include="core\util\data\set.h">
      <Filter>Header Files</Filter>
    </ClInclude>
  </ItemGroup>
  <ItemGroup>
    <ClCompile Include="lib\GLAD\glad.c">
      <Filter>Source Files</Filter>
    </ClCompile>
    <ClCompile Include="core\window\window.c">
      <Filter>Source Files</Filter>
    </ClCompile>
    <ClCompile Include="core\renderer\renderer.c">
      <Filter>Source Files</Filter>
    </ClCompile>
    <ClCompile Include="core\util\data\vector.c">
      <Filter>Source Files</Filter>
    </ClCompile>
    <ClCompile Include="core\renderer\layer_stack.c">
      <Filter>Source Files</Filter>
    </ClCompile>
    <ClCompile Include="core\util\data\iterator.c">
      <Filter>Source Files</Filter>
    </ClCompile>
    <ClCompile Include="core\renderer\layer.c">
      <Filter>Source Files</Filter>
    </ClCompile>
    <ClCompile Include="core\events\event.c">
      <Filter>Source Files</Filter>
    </ClCompile>
    <ClCompile Include="core\events\sub.c">
      <Filter>Source Files</Filter>
    </ClCompile>
    <ClCompile Include="core\ecs\entity\uuid.c">
      <Filter>Source Files</Filter>
    </ClCompile>
    <ClCompile Include="core\util\math\vec.c">
      <Filter>Source Files</Filter>
    </ClCompile>
    <ClCompile Include="core\util\math\mat.c">
      <Filter>Source Files</Filter>
    </ClCompile>
    <ClCompile Include="core\util\math\math.c">
      <Filter>Source Files</Filter>
    </ClCompile>
    <ClCompile Include="core\util\memory\bump_allocator.c">
      <Filter>Source Files</Filter>
    </ClCompile>
    <ClCompile Include="core\ecs\system\system.c">
      <Filter>Source Files</Filter>
    </ClCompile>
    <ClCompile Include="core\util\data\map.c">
      <Filter>Source Files</Filter>
    </ClCompile>
    <ClCompile Include="core\util\data\set.c">
      <Filter>Source Files</Filter>
    </ClCompile>
  </ItemGroup>
  <ItemGroup>
    <None Include="shaders\texture_shader.fsl" />
    <None Include="shaders\vertex_shader.vsl" />
    <None Include="shaders\color_shader.fsl" />
    <None Include="shaders\light_shader.fsl" />
  </ItemGroup>
</Project>